// !$*UTF8*$!
{
	archiveVersion = 1;
	classes = {
	};
	objectVersion = 46;
	objects = {

/* Begin PBXBuildFile section */
		997B01111C6259CE003C9302 /* ws.framework in Frameworks */ = {isa = PBXBuildFile; fileRef = 997B01101C6259CE003C9302 /* ws.framework */; };
		997B01151C62684D003C9302 /* View.swift in Sources */ = {isa = PBXBuildFile; fileRef = 997B01141C62684D003C9302 /* View.swift */; };
		997B011A1C63595A003C9302 /* GoApi.swift in Sources */ = {isa = PBXBuildFile; fileRef = 997B01191C63595A003C9302 /* GoApi.swift */; };
		9995DDA91C5BC685008D17F6 /* AppDelegate.swift in Sources */ = {isa = PBXBuildFile; fileRef = 9995DDA81C5BC685008D17F6 /* AppDelegate.swift */; };
		9995DDAB1C5BC685008D17F6 /* UsersVC.swift in Sources */ = {isa = PBXBuildFile; fileRef = 9995DDAA1C5BC685008D17F6 /* UsersVC.swift */; };
		9995DDB01C5BC685008D17F6 /* Assets.xcassets in Resources */ = {isa = PBXBuildFile; fileRef = 9995DDAF1C5BC685008D17F6 /* Assets.xcassets */; };
		9995DDB31C5BC685008D17F6 /* LaunchScreen.storyboard in Resources */ = {isa = PBXBuildFile; fileRef = 9995DDB11C5BC685008D17F6 /* LaunchScreen.storyboard */; };
		9995DDBC1C5BD336008D17F6 /* Redux.swift in Sources */ = {isa = PBXBuildFile; fileRef = 9995DDBB1C5BD336008D17F6 /* Redux.swift */; };
		99A2BEE51C63AF390028E55B /* MyState.swift in Sources */ = {isa = PBXBuildFile; fileRef = 99A2BEE41C63AF390028E55B /* MyState.swift */; };
		99A2BEE81C63B0600028E55B /* Api.swift in Sources */ = {isa = PBXBuildFile; fileRef = 99A2BEE71C63B0600028E55B /* Api.swift */; };
		99A2BEEA1C63B0860028E55B /* User.swift in Sources */ = {isa = PBXBuildFile; fileRef = 99A2BEE91C63B0860028E55B /* User.swift */; };
		99B985391C63B0F900A07E2F /* MainReducer.swift in Sources */ = {isa = PBXBuildFile; fileRef = 99B985381C63B0F900A07E2F /* MainReducer.swift */; };
		99B9853C1C63B18600A07E2F /* LikeUser.swift in Sources */ = {isa = PBXBuildFile; fileRef = 99B9853B1C63B18600A07E2F /* LikeUser.swift */; };
		99B985451C63B2E700A07E2F /* FetchUsers.swift in Sources */ = {isa = PBXBuildFile; fileRef = 99B985441C63B2E700A07E2F /* FetchUsers.swift */; };
		99E6BAA51C64A39900702074 /* UserVC.swift in Sources */ = {isa = PBXBuildFile; fileRef = 99E6BAA41C64A39900702074 /* UserVC.swift */; };
		99E6BAA71C64A82B00702074 /* Navigation.swift in Sources */ = {isa = PBXBuildFile; fileRef = 99E6BAA61C64A82B00702074 /* Navigation.swift */; };
/* End PBXBuildFile section */

/* Begin PBXFileReference section */
		997B010E1C6259C7003C9302 /* Stevia.framework */ = {isa = PBXFileReference; lastKnownFileType = wrapper.framework; name = Stevia.framework; path = Carthage/Build/iOS/Stevia.framework; sourceTree = "<group>"; };
		997B01101C6259CE003C9302 /* ws.framework */ = {isa = PBXFileReference; lastKnownFileType = wrapper.framework; name = ws.framework; path = Carthage/Build/iOS/ws.framework; sourceTree = "<group>"; };
		997B01141C62684D003C9302 /* View.swift */ = {isa = PBXFileReference; fileEncoding = 4; lastKnownFileType = sourcecode.swift; path = View.swift; sourceTree = "<group>"; };
		997B01191C63595A003C9302 /* GoApi.swift */ = {isa = PBXFileReference; fileEncoding = 4; lastKnownFileType = sourcecode.swift; path = GoApi.swift; sourceTree = "<group>"; };
		9995DDA51C5BC685008D17F6 /* TestRedux.app */ = {isa = PBXFileReference; explicitFileType = wrapper.application; includeInIndex = 0; path = TestRedux.app; sourceTree = BUILT_PRODUCTS_DIR; };
		9995DDA81C5BC685008D17F6 /* AppDelegate.swift */ = {isa = PBXFileReference; lastKnownFileType = sourcecode.swift; path = AppDelegate.swift; sourceTree = "<group>"; };
		9995DDAA1C5BC685008D17F6 /* UsersVC.swift */ = {isa = PBXFileReference; lastKnownFileType = sourcecode.swift; path = UsersVC.swift; sourceTree = "<group>"; };
		9995DDAF1C5BC685008D17F6 /* Assets.xcassets */ = {isa = PBXFileReference; lastKnownFileType = folder.assetcatalog; path = Assets.xcassets; sourceTree = "<group>"; };
		9995DDB21C5BC685008D17F6 /* Base */ = {isa = PBXFileReference; lastKnownFileType = file.storyboard; name = Base; path = Base.lproj/LaunchScreen.storyboard; sourceTree = "<group>"; };
		9995DDB41C5BC685008D17F6 /* Info.plist */ = {isa = PBXFileReference; lastKnownFileType = text.plist.xml; path = Info.plist; sourceTree = "<group>"; };
		9995DDBB1C5BD336008D17F6 /* Redux.swift */ = {isa = PBXFileReference; fileEncoding = 4; lastKnownFileType = sourcecode.swift; path = Redux.swift; sourceTree = "<group>"; };
		99A2BEE41C63AF390028E55B /* MyState.swift */ = {isa = PBXFileReference; fileEncoding = 4; lastKnownFileType = sourcecode.swift; path = MyState.swift; sourceTree = "<group>"; };
		99A2BEE71C63B0600028E55B /* Api.swift */ = {isa = PBXFileReference; fileEncoding = 4; lastKnownFileType = sourcecode.swift; path = Api.swift; sourceTree = "<group>"; };
		99A2BEE91C63B0860028E55B /* User.swift */ = {isa = PBXFileReference; fileEncoding = 4; lastKnownFileType = sourcecode.swift; path = User.swift; sourceTree = "<group>"; };
		99B985381C63B0F900A07E2F /* MainReducer.swift */ = {isa = PBXFileReference; fileEncoding = 4; lastKnownFileType = sourcecode.swift; path = MainReducer.swift; sourceTree = "<group>"; };
		99B9853B1C63B18600A07E2F /* LikeUser.swift */ = {isa = PBXFileReference; fileEncoding = 4; lastKnownFileType = sourcecode.swift; path = LikeUser.swift; sourceTree = "<group>"; };
		99B985441C63B2E700A07E2F /* FetchUsers.swift */ = {isa = PBXFileReference; fileEncoding = 4; lastKnownFileType = sourcecode.swift; path = FetchUsers.swift; sourceTree = "<group>"; };
		99E6BAA41C64A39900702074 /* UserVC.swift */ = {isa = PBXFileReference; fileEncoding = 4; lastKnownFileType = sourcecode.swift; path = UserVC.swift; sourceTree = "<group>"; };
		99E6BAA61C64A82B00702074 /* Navigation.swift */ = {isa = PBXFileReference; fileEncoding = 4; lastKnownFileType = sourcecode.swift; path = Navigation.swift; sourceTree = "<group>"; };
/* End PBXFileReference section */

/* Begin PBXFrameworksBuildPhase section */
		9995DDA21C5BC685008D17F6 /* Frameworks */ = {
			isa = PBXFrameworksBuildPhase;
			buildActionMask = 2147483647;
			files = (
				997B01111C6259CE003C9302 /* ws.framework in Frameworks */,
			);
			runOnlyForDeploymentPostprocessing = 0;
		};
/* End PBXFrameworksBuildPhase section */

/* Begin PBXGroup section */
		997B01181C6268D1003C9302 /* Redux */ = {
			isa = PBXGroup;
			children = (
				9995DDBB1C5BD336008D17F6 /* Redux.swift */,
			);
			name = Redux;
			sourceTree = "<group>";
		};
		9995DD9C1C5BC685008D17F6 = {
			isa = PBXGroup;
			children = (
				997B01101C6259CE003C9302 /* ws.framework */,
				997B010E1C6259C7003C9302 /* Stevia.framework */,
				9995DDA71C5BC685008D17F6 /* TestRedux */,
				9995DDA61C5BC685008D17F6 /* Products */,
			);
			sourceTree = "<group>";
		};
		9995DDA61C5BC685008D17F6 /* Products */ = {
			isa = PBXGroup;
			children = (
				9995DDA51C5BC685008D17F6 /* TestRedux.app */,
			);
			name = Products;
			sourceTree = "<group>";
		};
		9995DDA71C5BC685008D17F6 /* TestRedux */ = {
			isa = PBXGroup;
			children = (
				9995DDA81C5BC685008D17F6 /* AppDelegate.swift */,
				99E6BAA61C64A82B00702074 /* Navigation.swift */,
				9995DDAA1C5BC685008D17F6 /* UsersVC.swift */,
				99E6BAA41C64A39900702074 /* UserVC.swift */,
				997B01141C62684D003C9302 /* View.swift */,
				99A2BEE61C63AF590028E55B /* Core */,
				9995DDAF1C5BC685008D17F6 /* Assets.xcassets */,
				9995DDB11C5BC685008D17F6 /* LaunchScreen.storyboard */,
				9995DDB41C5BC685008D17F6 /* Info.plist */,
			);
			path = TestRedux;
			sourceTree = "<group>";
		};
		99A2BEE61C63AF590028E55B /* Core */ = {
			isa = PBXGroup;
			children = (
				99A2BEE41C63AF390028E55B /* MyState.swift */,
				99A2BEE91C63B0860028E55B /* User.swift */,
				99A2BEE71C63B0600028E55B /* Api.swift */,
				99B985381C63B0F900A07E2F /* MainReducer.swift */,
				99B985431C63B2AD00A07E2F /* Actions */,
				99B985371C63B0D000A07E2F /* GoApi */,
				997B01181C6268D1003C9302 /* Redux */,
			);
			name = Core;
			sourceTree = "<group>";
		};
		99B985371C63B0D000A07E2F /* GoApi */ = {
			isa = PBXGroup;
			children = (
				997B01191C63595A003C9302 /* GoApi.swift */,
			);
			name = GoApi;
			sourceTree = "<group>";
		};
		99B985431C63B2AD00A07E2F /* Actions */ = {
			isa = PBXGroup;
			children = (
				99B985441C63B2E700A07E2F /* FetchUsers.swift */,
				99B9853B1C63B18600A07E2F /* LikeUser.swift */,
			);
			name = Actions;
			sourceTree = "<group>";
		};
/* End PBXGroup section */

/* Begin PBXNativeTarget section */
		9995DDA41C5BC685008D17F6 /* TestRedux */ = {
			isa = PBXNativeTarget;
			buildConfigurationList = 9995DDB71C5BC685008D17F6 /* Build configuration list for PBXNativeTarget "TestRedux" */;
			buildPhases = (
				9995DDA11C5BC685008D17F6 /* Sources */,
				9995DDA21C5BC685008D17F6 /* Frameworks */,
				9995DDA31C5BC685008D17F6 /* Resources */,
				997B010D1C62557E003C9302 /* ShellScript */,
			);
			buildRules = (
			);
			dependencies = (
			);
			name = TestRedux;
			productName = TestRedux;
			productReference = 9995DDA51C5BC685008D17F6 /* TestRedux.app */;
			productType = "com.apple.product-type.application";
		};
/* End PBXNativeTarget section */

/* Begin PBXProject section */
		9995DD9D1C5BC685008D17F6 /* Project object */ = {
			isa = PBXProject;
			attributes = {
				LastSwiftUpdateCheck = 0720;
				LastUpgradeCheck = 0720;
				ORGANIZATIONNAME = s4cha;
				TargetAttributes = {
					9995DDA41C5BC685008D17F6 = {
						CreatedOnToolsVersion = 7.2;
					};
				};
			};
			buildConfigurationList = 9995DDA01C5BC685008D17F6 /* Build configuration list for PBXProject "TestRedux" */;
			compatibilityVersion = "Xcode 3.2";
			developmentRegion = English;
			hasScannedForEncodings = 0;
			knownRegions = (
				en,
				Base,
			);
			mainGroup = 9995DD9C1C5BC685008D17F6;
			productRefGroup = 9995DDA61C5BC685008D17F6 /* Products */;
			projectDirPath = "";
			projectRoot = "";
			targets = (
				9995DDA41C5BC685008D17F6 /* TestRedux */,
			);
		};
/* End PBXProject section */

/* Begin PBXResourcesBuildPhase section */
		9995DDA31C5BC685008D17F6 /* Resources */ = {
			isa = PBXResourcesBuildPhase;
			buildActionMask = 2147483647;
			files = (
				9995DDB31C5BC685008D17F6 /* LaunchScreen.storyboard in Resources */,
				9995DDB01C5BC685008D17F6 /* Assets.xcassets in Resources */,
			);
			runOnlyForDeploymentPostprocessing = 0;
		};
/* End PBXResourcesBuildPhase section */

/* Begin PBXShellScriptBuildPhase section */
		997B010D1C62557E003C9302 /* ShellScript */ = {
			isa = PBXShellScriptBuildPhase;
			buildActionMask = 2147483647;
			files = (
			);
			inputPaths = (
				"$(SRCROOT)/Carthage/Build/iOS/ws.framework",
				"$(SRCROOT)/Carthage/Build/iOS/Arrow.framework",
				"$(SRCROOT)/Carthage/Build/iOS/Alamofire.framework",
			);
			outputPaths = (
			);
			runOnlyForDeploymentPostprocessing = 0;
			shellPath = /bin/sh;
			shellScript = "/usr/local/bin/carthage copy-frameworks";
		};
/* End PBXShellScriptBuildPhase section */

/* Begin PBXSourcesBuildPhase section */
		9995DDA11C5BC685008D17F6 /* Sources */ = {
			isa = PBXSourcesBuildPhase;
			buildActionMask = 2147483647;
			files = (
				997B01151C62684D003C9302 /* View.swift in Sources */,
				9995DDAB1C5BC685008D17F6 /* UsersVC.swift in Sources */,
				9995DDA91C5BC685008D17F6 /* AppDelegate.swift in Sources */,
				99B985451C63B2E700A07E2F /* FetchUsers.swift in Sources */,
				997B011A1C63595A003C9302 /* GoApi.swift in Sources */,
				99B9853C1C63B18600A07E2F /* LikeUser.swift in Sources */,
				99A2BEEA1C63B0860028E55B /* User.swift in Sources */,
				99A2BEE51C63AF390028E55B /* MyState.swift in Sources */,
				99A2BEE81C63B0600028E55B /* Api.swift in Sources */,
				99E6BAA71C64A82B00702074 /* Navigation.swift in Sources */,
				99E6BAA51C64A39900702074 /* UserVC.swift in Sources */,
				9995DDBC1C5BD336008D17F6 /* Redux.swift in Sources */,
				99B985391C63B0F900A07E2F /* MainReducer.swift in Sources */,
			);
			runOnlyForDeploymentPostprocessing = 0;
		};
/* End PBXSourcesBuildPhase section */

/* Begin PBXVariantGroup section */
		9995DDB11C5BC685008D17F6 /* LaunchScreen.storyboard */ = {
			isa = PBXVariantGroup;
			children = (
				9995DDB21C5BC685008D17F6 /* Base */,
			);
			name = LaunchScreen.storyboard;
			sourceTree = "<group>";
		};
/* End PBXVariantGroup section */

/* Begin XCBuildConfiguration section */
		9995DDB51C5BC685008D17F6 /* Debug */ = {
			isa = XCBuildConfiguration;
			buildSettings = {
				ALWAYS_SEARCH_USER_PATHS = NO;
				CLANG_CXX_LANGUAGE_STANDARD = "gnu++0x";
				CLANG_CXX_LIBRARY = "libc++";
				CLANG_ENABLE_MODULES = YES;
				CLANG_ENABLE_OBJC_ARC = YES;
				CLANG_WARN_BOOL_CONVERSION = YES;
				CLANG_WARN_CONSTANT_CONVERSION = YES;
				CLANG_WARN_DIRECT_OBJC_ISA_USAGE = YES_ERROR;
				CLANG_WARN_EMPTY_BODY = YES;
				CLANG_WARN_ENUM_CONVERSION = YES;
				CLANG_WARN_INT_CONVERSION = YES;
				CLANG_WARN_OBJC_ROOT_CLASS = YES_ERROR;
				CLANG_WARN_UNREACHABLE_CODE = YES;
				CLANG_WARN__DUPLICATE_METHOD_MATCH = YES;
				"CODE_SIGN_IDENTITY[sdk=iphoneos*]" = "iPhone Developer";
				COPY_PHASE_STRIP = NO;
				DEBUG_INFORMATION_FORMAT = dwarf;
				ENABLE_STRICT_OBJC_MSGSEND = YES;
				ENABLE_TESTABILITY = YES;
				GCC_C_LANGUAGE_STANDARD = gnu99;
				GCC_DYNAMIC_NO_PIC = NO;
				GCC_NO_COMMON_BLOCKS = YES;
				GCC_OPTIMIZATION_LEVEL = 0;
				GCC_PREPROCESSOR_DEFINITIONS = (
					"DEBUG=1",
					"$(inherited)",
				);
				GCC_WARN_64_TO_32_BIT_CONVERSION = YES;
				GCC_WARN_ABOUT_RETURN_TYPE = YES_ERROR;
				GCC_WARN_UNDECLARED_SELECTOR = YES;
				GCC_WARN_UNINITIALIZED_AUTOS = YES_AGGRESSIVE;
				GCC_WARN_UNUSED_FUNCTION = YES;
				GCC_WARN_UNUSED_VARIABLE = YES;
				IPHONEOS_DEPLOYMENT_TARGET = 9.2;
				MTL_ENABLE_DEBUG_INFO = YES;
				ONLY_ACTIVE_ARCH = YES;
				SDKROOT = iphoneos;
				SWIFT_OPTIMIZATION_LEVEL = "-Onone";
			};
			name = Debug;
		};
		9995DDB61C5BC685008D17F6 /* Release */ = {
			isa = XCBuildConfiguration;
			buildSettings = {
				ALWAYS_SEARCH_USER_PATHS = NO;
				CLANG_CXX_LANGUAGE_STANDARD = "gnu++0x";
				CLANG_CXX_LIBRARY = "libc++";
				CLANG_ENABLE_MODULES = YES;
				CLANG_ENABLE_OBJC_ARC = YES;
				CLANG_WARN_BOOL_CONVERSION = YES;
				CLANG_WARN_CONSTANT_CONVERSION = YES;
				CLANG_WARN_DIRECT_OBJC_ISA_USAGE = YES_ERROR;
				CLANG_WARN_EMPTY_BODY = YES;
				CLANG_WARN_ENUM_CONVERSION = YES;
				CLANG_WARN_INT_CONVERSION = YES;
				CLANG_WARN_OBJC_ROOT_CLASS = YES_ERROR;
				CLANG_WARN_UNREACHABLE_CODE = YES;
				CLANG_WARN__DUPLICATE_METHOD_MATCH = YES;
				"CODE_SIGN_IDENTITY[sdk=iphoneos*]" = "iPhone Developer";
				COPY_PHASE_STRIP = NO;
				DEBUG_INFORMATION_FORMAT = "dwarf-with-dsym";
				ENABLE_NS_ASSERTIONS = NO;
				ENABLE_STRICT_OBJC_MSGSEND = YES;
				GCC_C_LANGUAGE_STANDARD = gnu99;
				GCC_NO_COMMON_BLOCKS = YES;
				GCC_WARN_64_TO_32_BIT_CONVERSION = YES;
				GCC_WARN_ABOUT_RETURN_TYPE = YES_ERROR;
				GCC_WARN_UNDECLARED_SELECTOR = YES;
				GCC_WARN_UNINITIALIZED_AUTOS = YES_AGGRESSIVE;
				GCC_WARN_UNUSED_FUNCTION = YES;
				GCC_WARN_UNUSED_VARIABLE = YES;
				IPHONEOS_DEPLOYMENT_TARGET = 9.2;
				MTL_ENABLE_DEBUG_INFO = NO;
				SDKROOT = iphoneos;
				VALIDATE_PRODUCT = YES;
			};
			name = Release;
		};
		9995DDB81C5BC685008D17F6 /* Debug */ = {
			isa = XCBuildConfiguration;
			buildSettings = {
				ASSETCATALOG_COMPILER_APPICON_NAME = AppIcon;
				FRAMEWORK_SEARCH_PATHS = (
					"$(inherited)",
					"$(PROJECT_DIR)/Carthage/Build/iOS",
				);
				INFOPLIST_FILE = TestRedux/Info.plist;
				LD_RUNPATH_SEARCH_PATHS = "$(inherited) @executable_path/Frameworks";
				PRODUCT_BUNDLE_IDENTIFIER = com.s4cha.TestRedux.TestRedux;
				PRODUCT_NAME = "$(TARGET_NAME)";
			};
			name = Debug;
		};
		9995DDB91C5BC685008D17F6 /* Release */ = {
			isa = XCBuildConfiguration;
			buildSettings = {
				ASSETCATALOG_COMPILER_APPICON_NAME = AppIcon;
				FRAMEWORK_SEARCH_PATHS = (
					"$(inherited)",
					"$(PROJECT_DIR)/Carthage/Build/iOS",
				);
				INFOPLIST_FILE = TestRedux/Info.plist;
				LD_RUNPATH_SEARCH_PATHS = "$(inherited) @executable_path/Frameworks";
				PRODUCT_BUNDLE_IDENTIFIER = com.s4cha.TestRedux.TestRedux;
				PRODUCT_NAME = "$(TARGET_NAME)";
			};
			name = Release;
		};
/* End XCBuildConfiguration section */

/* Begin XCConfigurationList section */
		9995DDA01C5BC685008D17F6 /* Build configuration list for PBXProject "TestRedux" */ = {
			isa = XCConfigurationList;
			buildConfigurations = (
				9995DDB51C5BC685008D17F6 /* Debug */,
				9995DDB61C5BC685008D17F6 /* Release */,
			);
			defaultConfigurationIsVisible = 0;
			defaultConfigurationName = Release;
		};
		9995DDB71C5BC685008D17F6 /* Build configuration list for PBXNativeTarget "TestRedux" */ = {
			isa = XCConfigurationList;
			buildConfigurations = (
				9995DDB81C5BC685008D17F6 /* Debug */,
				9995DDB91C5BC685008D17F6 /* Release */,
			);
			defaultConfigurationIsVisible = 0;
			defaultConfigurationName = Release;
		};
/* End XCConfigurationList section */
	};
	rootObject = 9995DD9D1C5BC685008D17F6 /* Project object */;
}
